
Microsoft Visual Studio Solution File, Format Version 12.00
# Visual Studio Version 17
VisualStudioVersion = 17.13.35919.96 d17.13
MinimumVisualStudioVersion = 10.0.40219.1
Project("{FAE04EC0-301F-11D3-BF4B-00C04F79EFBC}") = "14. Creational Design Patterns", "14. Creational Design Patterns.csproj", "{C2622B1F-8658-47D8-A072-9A9D03948684}"
EndProject
Global
	GlobalSection(SolutionConfigurationPlatforms) = preSolution
		Debug|Any CPU = Debug|Any CPU
		Release|Any CPU = Release|Any CPU
	EndGlobalSection
	GlobalSection(ProjectConfigurationPlatforms) = postSolution
		{C2622B1F-8658-47D8-A072-9A9D03948684}.Debug|Any CPU.ActiveCfg = Debug|Any CPU
		{C2622B1F-8658-47D8-A072-9A9D03948684}.Debug|Any CPU.Build.0 = Debug|Any CPU
		{C2622B1F-8658-47D8-A072-9A9D03948684}.Release|Any CPU.ActiveCfg = Release|Any CPU
		{C2622B1F-8658-47D8-A072-9A9D03948684}.Release|Any CPU.Build.0 = Release|Any CPU
	EndGlobalSection
	GlobalSection(SolutionProperties) = preSolution
		HideSolutionNode = FALSE
	EndGlobalSection
	GlobalSection(ExtensibilityGlobals) = postSolution
		SolutionGuid = {34AD80C2-C041-40ED-A4AA-854B90969822}
	EndGlobalSection
EndGlobal
