
Microsoft Visual Studio Solution File, Format Version 12.00
# Visual Studio Version 17
VisualStudioVersion = 17.13.35913.81 d17.13
MinimumVisualStudioVersion = 10.0.40219.1
Project("{FAE04EC0-301F-11D3-BF4B-00C04F79EFBC}") = "DelegatesAndLinq", "DelegatesAndLinq.csproj", "{EAD74303-4A0B-479A-B0D1-CC6B7BEAA145}"
EndProject
Global
	GlobalSection(SolutionConfigurationPlatforms) = preSolution
		Debug|Any CPU = Debug|Any CPU
		Release|Any CPU = Release|Any CPU
	EndGlobalSection
	GlobalSection(ProjectConfigurationPlatforms) = postSolution
		{EAD74303-4A0B-479A-B0D1-CC6B7BEAA145}.Debug|Any CPU.ActiveCfg = Debug|Any CPU
		{EAD74303-4A0B-479A-B0D1-CC6B7BEAA145}.Debug|Any CPU.Build.0 = Debug|Any CPU
		{EAD74303-4A0B-479A-B0D1-CC6B7BEAA145}.Release|Any CPU.ActiveCfg = Release|Any CPU
		{EAD74303-4A0B-479A-B0D1-CC6B7BEAA145}.Release|Any CPU.Build.0 = Release|Any CPU
	EndGlobalSection
	GlobalSection(SolutionProperties) = preSolution
		HideSolutionNode = FALSE
	EndGlobalSection
	GlobalSection(ExtensibilityGlobals) = postSolution
		SolutionGuid = {447C3D28-1E10-4C62-913E-383D2B55670C}
	EndGlobalSection
EndGlobal
